
Microsoft Visual Studio Solution File, Format Version 12.00
# Visual Studio Version 16
VisualStudioVersion = 16.0.31702.278
MinimumVisualStudioVersion = 10.0.40219.1
Project("{9A19103F-16F7-4668-BE54-9A1E7A4F7556}") = "ContosoPizza", "ContosoPizza.csproj", "{DD01BF4F-135B-4A81-B705-719CF25E8A9C}"
EndProject
Global
	GlobalSection(SolutionConfigurationPlatforms) = preSolution
		Debug|Any CPU = Debug|Any CPU
		Release|Any CPU = Release|Any CPU
	EndGlobalSection
	GlobalSection(ProjectConfigurationPlatforms) = postSolution
		{DD01BF4F-135B-4A81-B705-719CF25E8A9C}.Debug|Any CPU.ActiveCfg = Debug|Any CPU
		{DD01BF4F-135B-4A81-B705-719CF25E8A9C}.Debug|Any CPU.Build.0 = Debug|Any CPU
		{DD01BF4F-135B-4A81-B705-719CF25E8A9C}.Release|Any CPU.ActiveCfg = Release|Any CPU
		{DD01BF4F-135B-4A81-B705-719CF25E8A9C}.Release|Any CPU.Build.0 = Release|Any CPU
	EndGlobalSection
	GlobalSection(SolutionProperties) = preSolution
		HideSolutionNode = FALSE
	EndGlobalSection
	GlobalSection(ExtensibilityGlobals) = postSolution
		SolutionGuid = {455115A8-B386-4AE8-B2FF-E2E0EA356054}
	EndGlobalSection
EndGlobal
